
Microsoft Visual Studio Solution File, Format Version 12.00
# Visual Studio Version 16
VisualStudioVersion = 16.0.31424.327
MinimumVisualStudioVersion = 10.0.40219.1
Project("{FAE04EC0-301F-11D3-BF4B-00C04F79EFBC}") = "Lab1.Exercises.Register", "Lab1.Exercises.Register\Lab1.Exercises.Register.csproj", "{564F77E4-EBEC-4EE5-BB50-35F8AD043972}"
EndProject
Project("{FAE04EC0-301F-11D3-BF4B-00C04F79EFBC}") = "Lab1.Exercises.Task1", "Lab1.Exercises.Task1\Lab1.Exercises.Task1.csproj", "{A2BCD28C-8B2E-423F-90CD-D2294AB7C3B1}"
EndProject
Project("{FAE04EC0-301F-11D3-BF4B-00C04F79EFBC}") = "Lab1.Exercises.Task2", "Lab1.Exercises.Task2\Lab1.Exercises.Task2.csproj", "{8BC3D86B-236E-4E0A-B09D-917FAFC224E5}"
EndProject
Global
	GlobalSection(SolutionConfigurationPlatforms) = preSolution
		Debug|Any CPU = Debug|Any CPU
		Release|Any CPU = Release|Any CPU
	EndGlobalSection
	GlobalSection(ProjectConfigurationPlatforms) = postSolution
		{564F77E4-EBEC-4EE5-BB50-35F8AD043972}.Debug|Any CPU.ActiveCfg = Debug|Any CPU
		{564F77E4-EBEC-4EE5-BB50-35F8AD043972}.Debug|Any CPU.Build.0 = Debug|Any CPU
		{564F77E4-EBEC-4EE5-BB50-35F8AD043972}.Release|Any CPU.ActiveCfg = Release|Any CPU
		{564F77E4-EBEC-4EE5-BB50-35F8AD043972}.Release|Any CPU.Build.0 = Release|Any CPU
		{A2BCD28C-8B2E-423F-90CD-D2294AB7C3B1}.Debug|Any CPU.ActiveCfg = Debug|Any CPU
		{A2BCD28C-8B2E-423F-90CD-D2294AB7C3B1}.Debug|Any CPU.Build.0 = Debug|Any CPU
		{A2BCD28C-8B2E-423F-90CD-D2294AB7C3B1}.Release|Any CPU.ActiveCfg = Release|Any CPU
		{A2BCD28C-8B2E-423F-90CD-D2294AB7C3B1}.Release|Any CPU.Build.0 = Release|Any CPU
		{8BC3D86B-236E-4E0A-B09D-917FAFC224E5}.Debug|Any CPU.ActiveCfg = Debug|Any CPU
		{8BC3D86B-236E-4E0A-B09D-917FAFC224E5}.Debug|Any CPU.Build.0 = Debug|Any CPU
		{8BC3D86B-236E-4E0A-B09D-917FAFC224E5}.Release|Any CPU.ActiveCfg = Release|Any CPU
		{8BC3D86B-236E-4E0A-B09D-917FAFC224E5}.Release|Any CPU.Build.0 = Release|Any CPU
	EndGlobalSection
	GlobalSection(SolutionProperties) = preSolution
		HideSolutionNode = FALSE
	EndGlobalSection
	GlobalSection(ExtensibilityGlobals) = postSolution
		SolutionGuid = {81D28108-5925-47AF-B44B-208117CE3834}
	EndGlobalSection
EndGlobal
